
Microsoft Visual Studio Solution File, Format Version 12.00
# Visual Studio 15
VisualStudioVersion = 15.0.36617.4
MinimumVisualStudioVersion = 10.0.40219.1
Project("{262852C6-CD72-467D-83FE-5EEB1973A190}") = "10Store", "10Store\10Store.jsproj", "{90C8E3FE-2A02-4362-B242-28BFD9278CCE}"
EndProject
Global
	GlobalSection(SolutionConfigurationPlatforms) = preSolution
		Debug|Any CPU = Debug|Any CPU
		Debug|ARM = Debug|ARM
		Debug|ARM64 = Debug|ARM64
		Debug|x64 = Debug|x64
		Debug|x86 = Debug|x86
		Release|Any CPU = Release|Any CPU
		Release|ARM = Release|ARM
		Release|ARM64 = Release|ARM64
		Release|x64 = Release|x64
		Release|x86 = Release|x86
	EndGlobalSection
	GlobalSection(ProjectConfigurationPlatforms) = postSolution
		{90C8E3FE-2A02-4362-B242-28BFD9278CCE}.Debug|Any CPU.ActiveCfg = Debug|Any CPU
		{90C8E3FE-2A02-4362-B242-28BFD9278CCE}.Debug|Any CPU.Build.0 = Debug|Any CPU
		{90C8E3FE-2A02-4362-B242-28BFD9278CCE}.Debug|Any CPU.Deploy.0 = Debug|Any CPU
		{90C8E3FE-2A02-4362-B242-28BFD9278CCE}.Debug|ARM.ActiveCfg = Debug|ARM
		{90C8E3FE-2A02-4362-B242-28BFD9278CCE}.Debug|ARM.Build.0 = Debug|ARM
		{90C8E3FE-2A02-4362-B242-28BFD9278CCE}.Debug|ARM.Deploy.0 = Debug|ARM
		{90C8E3FE-2A02-4362-B242-28BFD9278CCE}.Debug|ARM64.ActiveCfg = Debug|ARM64
		{90C8E3FE-2A02-4362-B242-28BFD9278CCE}.Debug|ARM64.Build.0 = Debug|ARM64
		{90C8E3FE-2A02-4362-B242-28BFD9278CCE}.Debug|ARM64.Deploy.0 = Debug|ARM64
		{90C8E3FE-2A02-4362-B242-28BFD9278CCE}.Debug|x64.ActiveCfg = Debug|x64
		{90C8E3FE-2A02-4362-B242-28BFD9278CCE}.Debug|x64.Build.0 = Debug|x64
		{90C8E3FE-2A02-4362-B242-28BFD9278CCE}.Debug|x64.Deploy.0 = Debug|x64
		{90C8E3FE-2A02-4362-B242-28BFD9278CCE}.Debug|x86.ActiveCfg = Debug|x86
		{90C8E3FE-2A02-4362-B242-28BFD9278CCE}.Debug|x86.Build.0 = Debug|x86
		{90C8E3FE-2A02-4362-B242-28BFD9278CCE}.Debug|x86.Deploy.0 = Debug|x86
		{90C8E3FE-2A02-4362-B242-28BFD9278CCE}.Release|Any CPU.ActiveCfg = Release|Any CPU
		{90C8E3FE-2A02-4362-B242-28BFD9278CCE}.Release|Any CPU.Build.0 = Release|Any CPU
		{90C8E3FE-2A02-4362-B242-28BFD9278CCE}.Release|Any CPU.Deploy.0 = Release|Any CPU
		{90C8E3FE-2A02-4362-B242-28BFD9278CCE}.Release|ARM.ActiveCfg = Release|ARM
		{90C8E3FE-2A02-4362-B242-28BFD9278CCE}.Release|ARM.Build.0 = Release|ARM
		{90C8E3FE-2A02-4362-B242-28BFD9278CCE}.Release|ARM.Deploy.0 = Release|ARM
		{90C8E3FE-2A02-4362-B242-28BFD9278CCE}.Release|ARM64.ActiveCfg = Release|ARM64
		{90C8E3FE-2A02-4362-B242-28BFD9278CCE}.Release|ARM64.Build.0 = Release|ARM64
		{90C8E3FE-2A02-4362-B242-28BFD9278CCE}.Release|ARM64.Deploy.0 = Release|ARM64
		{90C8E3FE-2A02-4362-B242-28BFD9278CCE}.Release|x64.ActiveCfg = Release|x64
		{90C8E3FE-2A02-4362-B242-28BFD9278CCE}.Release|x64.Build.0 = Release|x64
		{90C8E3FE-2A02-4362-B242-28BFD9278CCE}.Release|x64.Deploy.0 = Release|x64
		{90C8E3FE-2A02-4362-B242-28BFD9278CCE}.Release|x86.ActiveCfg = Release|x86
		{90C8E3FE-2A02-4362-B242-28BFD9278CCE}.Release|x86.Build.0 = Release|x86
		{90C8E3FE-2A02-4362-B242-28BFD9278CCE}.Release|x86.Deploy.0 = Release|x86
	EndGlobalSection
	GlobalSection(SolutionProperties) = preSolution
		HideSolutionNode = FALSE
	EndGlobalSection
	GlobalSection(ExtensibilityGlobals) = postSolution
		SolutionGuid = {994DCBD3-CE7C-42D1-94DB-0664E2EA2A13}
	EndGlobalSection
EndGlobal
